
Microsoft Visual Studio Solution File, Format Version 12.00
# Visual Studio Version 17
VisualStudioVersion = 17.5.33530.505
MinimumVisualStudioVersion = 10.0.40219.1
Project("{FAE04EC0-301F-11D3-BF4B-00C04F79EFBC}") = "Probability_and_Statistics_Project_Assignment", "Probability_and_Statistics_Project_Assignment\Probability_and_Statistics_Project_Assignment.csproj", "{5852B649-6E0A-42EB-AFD2-603E5C6BB94A}"
EndProject
Global
	GlobalSection(SolutionConfigurationPlatforms) = preSolution
		Debug|Any CPU = Debug|Any CPU
		Release|Any CPU = Release|Any CPU
	EndGlobalSection
	GlobalSection(ProjectConfigurationPlatforms) = postSolution
		{5852B649-6E0A-42EB-AFD2-603E5C6BB94A}.Debug|Any CPU.ActiveCfg = Debug|Any CPU
		{5852B649-6E0A-42EB-AFD2-603E5C6BB94A}.Debug|Any CPU.Build.0 = Debug|Any CPU
		{5852B649-6E0A-42EB-AFD2-603E5C6BB94A}.Release|Any CPU.ActiveCfg = Release|Any CPU
		{5852B649-6E0A-42EB-AFD2-603E5C6BB94A}.Release|Any CPU.Build.0 = Release|Any CPU
	EndGlobalSection
	GlobalSection(SolutionProperties) = preSolution
		HideSolutionNode = FALSE
	EndGlobalSection
	GlobalSection(ExtensibilityGlobals) = postSolution
		SolutionGuid = {2DA8D6A6-9C10-44F5-AD55-3118197137C0}
	EndGlobalSection
EndGlobal
